
Microsoft Visual Studio Solution File, Format Version 12.00
# Visual Studio Version 17
VisualStudioVersion = 17.10.34928.147
MinimumVisualStudioVersion = 10.0.40219.1
Project("{FAE04EC0-301F-11D3-BF4B-00C04F79EFBC}") = "UI_Async", "UI_Async\UI_Async.csproj", "{8F3E7C16-7FEF-4353-8D25-6EE18D0E62E4}"
EndProject
Project("{FAE04EC0-301F-11D3-BF4B-00C04F79EFBC}") = "webAPI", "webAPI\webAPI.csproj", "{AFF87F9E-10EB-40F0-BA8F-73399F5389BB}"
EndProject
Global
	GlobalSection(SolutionConfigurationPlatforms) = preSolution
		Debug|Any CPU = Debug|Any CPU
		Release|Any CPU = Release|Any CPU
	EndGlobalSection
	GlobalSection(ProjectConfigurationPlatforms) = postSolution
		{8F3E7C16-7FEF-4353-8D25-6EE18D0E62E4}.Debug|Any CPU.ActiveCfg = Debug|Any CPU
		{8F3E7C16-7FEF-4353-8D25-6EE18D0E62E4}.Debug|Any CPU.Build.0 = Debug|Any CPU
		{8F3E7C16-7FEF-4353-8D25-6EE18D0E62E4}.Release|Any CPU.ActiveCfg = Release|Any CPU
		{8F3E7C16-7FEF-4353-8D25-6EE18D0E62E4}.Release|Any CPU.Build.0 = Release|Any CPU
		{AFF87F9E-10EB-40F0-BA8F-73399F5389BB}.Debug|Any CPU.ActiveCfg = Debug|Any CPU
		{AFF87F9E-10EB-40F0-BA8F-73399F5389BB}.Debug|Any CPU.Build.0 = Debug|Any CPU
		{AFF87F9E-10EB-40F0-BA8F-73399F5389BB}.Release|Any CPU.ActiveCfg = Release|Any CPU
		{AFF87F9E-10EB-40F0-BA8F-73399F5389BB}.Release|Any CPU.Build.0 = Release|Any CPU
	EndGlobalSection
	GlobalSection(SolutionProperties) = preSolution
		HideSolutionNode = FALSE
	EndGlobalSection
	GlobalSection(ExtensibilityGlobals) = postSolution
		SolutionGuid = {F329F583-3A2F-4848-AE99-14CA1BC7503A}
	EndGlobalSection
EndGlobal
